// !$*UTF8*$!
{
	archiveVersion = 1;
	classes = {
	};
	objectVersion = 50;
	objects = {

/* Begin PBXBuildFile section */
		183DC27F2437C83A0060F37F /* AppDelegate.swift in Sources */ = {isa = PBXBuildFile; fileRef = 183DC27E2437C83A0060F37F /* AppDelegate.swift */; };
		183DC2812437C83A0060F37F /* SceneDelegate.swift in Sources */ = {isa = PBXBuildFile; fileRef = 183DC2802437C83A0060F37F /* SceneDelegate.swift */; };
		183DC2832437C83A0060F37F /* ViewController.swift in Sources */ = {isa = PBXBuildFile; fileRef = 183DC2822437C83A0060F37F /* ViewController.swift */; };
		183DC2862437C83A0060F37F /* Main.storyboard in Resources */ = {isa = PBXBuildFile; fileRef = 183DC2842437C83A0060F37F /* Main.storyboard */; };
		183DC2882437C83B0060F37F /* Assets.xcassets in Resources */ = {isa = PBXBuildFile; fileRef = 183DC2872437C83B0060F37F /* Assets.xcassets */; };
		183DC28B2437C83B0060F37F /* LaunchScreen.storyboard in Resources */ = {isa = PBXBuildFile; fileRef = 183DC2892437C83B0060F37F /* LaunchScreen.storyboard */; };
		183DC2962437C83B0060F37F /* PassingDataWithClosureTests.swift in Sources */ = {isa = PBXBuildFile; fileRef = 183DC2952437C83B0060F37F /* PassingDataWithClosureTests.swift */; };
		183DC2A12437C83B0060F37F /* PassingDataWithClosureUITests.swift in Sources */ = {isa = PBXBuildFile; fileRef = 183DC2A02437C83B0060F37F /* PassingDataWithClosureUITests.swift */; };
		183DC2B12437C85C0060F37F /* ViewControllerA.swift in Sources */ = {isa = PBXBuildFile; fileRef = 183DC2B02437C85C0060F37F /* ViewControllerA.swift */; };
		183DC2B32437C8660060F37F /* ViewControllerB.swift in Sources */ = {isa = PBXBuildFile; fileRef = 183DC2B22437C8660060F37F /* ViewControllerB.swift */; };
/* End PBXBuildFile section */

/* Begin PBXContainerItemProxy section */
		183DC2922437C83B0060F37F /* PBXContainerItemProxy */ = {
			isa = PBXContainerItemProxy;
			containerPortal = 183DC2732437C83A0060F37F /* Project object */;
			proxyType = 1;
			remoteGlobalIDString = 183DC27A2437C83A0060F37F;
			remoteInfo = PassingDataWithClosure;
		};
		183DC29D2437C83B0060F37F /* PBXContainerItemProxy */ = {
			isa = PBXContainerItemProxy;
			containerPortal = 183DC2732437C83A0060F37F /* Project object */;
			proxyType = 1;
			remoteGlobalIDString = 183DC27A2437C83A0060F37F;
			remoteInfo = PassingDataWithClosure;
		};
/* End PBXContainerItemProxy section */

/* Begin PBXFileReference section */
		183DC27B2437C83A0060F37F /* PassingDataWithClosure.app */ = {isa = PBXFileReference; explicitFileType = wrapper.application; includeInIndex = 0; path = PassingDataWithClosure.app; sourceTree = BUILT_PRODUCTS_DIR; };
		183DC27E2437C83A0060F37F /* AppDelegate.swift */ = {isa = PBXFileReference; lastKnownFileType = sourcecode.swift; path = AppDelegate.swift; sourceTree = "<group>"; };
		183DC2802437C83A0060F37F /* SceneDelegate.swift */ = {isa = PBXFileReference; lastKnownFileType = sourcecode.swift; path = SceneDelegate.swift; sourceTree = "<group>"; };
		183DC2822437C83A0060F37F /* ViewController.swift */ = {isa = PBXFileReference; lastKnownFileType = sourcecode.swift; path = ViewController.swift; sourceTree = "<group>"; };
		183DC2852437C83A0060F37F /* Base */ = {isa = PBXFileReference; lastKnownFileType = file.storyboard; name = Base; path = Base.lproj/Main.storyboard; sourceTree = "<group>"; };
		183DC2872437C83B0060F37F /* Assets.xcassets */ = {isa = PBXFileReference; lastKnownFileType = folder.assetcatalog; path = Assets.xcassets; sourceTree = "<group>"; };
		183DC28A2437C83B0060F37F /* Base */ = {isa = PBXFileReference; lastKnownFileType = file.storyboard; name = Base; path = Base.lproj/LaunchScreen.storyboard; sourceTree = "<group>"; };
		183DC28C2437C83B0060F37F /* Info.plist */ = {isa = PBXFileReference; lastKnownFileType = text.plist.xml; path = Info.plist; sourceTree = "<group>"; };
		183DC2912437C83B0060F37F /* PassingDataWithClosureTests.xctest */ = {isa = PBXFileReference; explicitFileType = wrapper.cfbundle; includeInIndex = 0; path = PassingDataWithClosureTests.xctest; sourceTree = BUILT_PRODUCTS_DIR; };
		183DC2952437C83B0060F37F /* PassingDataWithClosureTests.swift */ = {isa = PBXFileReference; lastKnownFileType = sourcecode.swift; path = PassingDataWithClosureTests.swift; sourceTree = "<group>"; };
		183DC2972437C83B0060F37F /* Info.plist */ = {isa = PBXFileReference; lastKnownFileType = text.plist.xml; path = Info.plist; sourceTree = "<group>"; };
		183DC29C2437C83B0060F37F /* PassingDataWithClosureUITests.xctest */ = {isa = PBXFileReference; explicitFileType = wrapper.cfbundle; includeInIndex = 0; path = PassingDataWithClosureUITests.xctest; sourceTree = BUILT_PRODUCTS_DIR; };
		183DC2A02437C83B0060F37F /* PassingDataWithClosureUITests.swift */ = {isa = PBXFileReference; lastKnownFileType = sourcecode.swift; path = PassingDataWithClosureUITests.swift; sourceTree = "<group>"; };
		183DC2A22437C83B0060F37F /* Info.plist */ = {isa = PBXFileReference; lastKnownFileType = text.plist.xml; path = Info.plist; sourceTree = "<group>"; };
		183DC2B02437C85C0060F37F /* ViewControllerA.swift */ = {isa = PBXFileReference; lastKnownFileType = sourcecode.swift; path = ViewControllerA.swift; sourceTree = "<group>"; };
		183DC2B22437C8660060F37F /* ViewControllerB.swift */ = {isa = PBXFileReference; lastKnownFileType = sourcecode.swift; path = ViewControllerB.swift; sourceTree = "<group>"; };
/* End PBXFileReference section */

/* Begin PBXFrameworksBuildPhase section */
		183DC2782437C83A0060F37F /* Frameworks */ = {
			isa = PBXFrameworksBuildPhase;
			buildActionMask = 2147483647;
			files = (
			);
			runOnlyForDeploymentPostprocessing = 0;
		};
		183DC28E2437C83B0060F37F /* Frameworks */ = {
			isa = PBXFrameworksBuildPhase;
			buildActionMask = 2147483647;
			files = (
			);
			runOnlyForDeploymentPostprocessing = 0;
		};
		183DC2992437C83B0060F37F /* Frameworks */ = {
			isa = PBXFrameworksBuildPhase;
			buildActionMask = 2147483647;
			files = (
			);
			runOnlyForDeploymentPostprocessing = 0;
		};
/* End PBXFrameworksBuildPhase section */

/* Begin PBXGroup section */
		183DC2722437C83A0060F37F = {
			isa = PBXGroup;
			children = (
				183DC27D2437C83A0060F37F /* PassingDataWithClosure */,
				183DC2942437C83B0060F37F /* PassingDataWithClosureTests */,
				183DC29F2437C83B0060F37F /* PassingDataWithClosureUITests */,
				183DC27C2437C83A0060F37F /* Products */,
			);
			sourceTree = "<group>";
		};
		183DC27C2437C83A0060F37F /* Products */ = {
			isa = PBXGroup;
			children = (
				183DC27B2437C83A0060F37F /* PassingDataWithClosure.app */,
				183DC2912437C83B0060F37F /* PassingDataWithClosureTests.xctest */,
				183DC29C2437C83B0060F37F /* PassingDataWithClosureUITests.xctest */,
			);
			name = Products;
			sourceTree = "<group>";
		};
		183DC27D2437C83A0060F37F /* PassingDataWithClosure */ = {
			isa = PBXGroup;
			children = (
				183DC2B02437C85C0060F37F /* ViewControllerA.swift */,
				183DC2B22437C8660060F37F /* ViewControllerB.swift */,
				183DC27E2437C83A0060F37F /* AppDelegate.swift */,
				183DC2802437C83A0060F37F /* SceneDelegate.swift */,
				183DC2822437C83A0060F37F /* ViewController.swift */,
				183DC2842437C83A0060F37F /* Main.storyboard */,
				183DC2872437C83B0060F37F /* Assets.xcassets */,
				183DC2892437C83B0060F37F /* LaunchScreen.storyboard */,
				183DC28C2437C83B0060F37F /* Info.plist */,
			);
			path = PassingDataWithClosure;
			sourceTree = "<group>";
		};
		183DC2942437C83B0060F37F /* PassingDataWithClosureTests */ = {
			isa = PBXGroup;
			children = (
				183DC2952437C83B0060F37F /* PassingDataWithClosureTests.swift */,
				183DC2972437C83B0060F37F /* Info.plist */,
			);
			path = PassingDataWithClosureTests;
			sourceTree = "<group>";
		};
		183DC29F2437C83B0060F37F /* PassingDataWithClosureUITests */ = {
			isa = PBXGroup;
			children = (
				183DC2A02437C83B0060F37F /* PassingDataWithClosureUITests.swift */,
				183DC2A22437C83B0060F37F /* Info.plist */,
			);
			path = PassingDataWithClosureUITests;
			sourceTree = "<group>";
		};
/* End PBXGroup section */

/* Begin PBXNativeTarget section */
		183DC27A2437C83A0060F37F /* PassingDataWithClosure */ = {
			isa = PBXNativeTarget;
			buildConfigurationList = 183DC2A52437C83B0060F37F /* Build configuration list for PBXNativeTarget "PassingDataWithClosure" */;
			buildPhases = (
				183DC2772437C83A0060F37F /* Sources */,
				183DC2782437C83A0060F37F /* Frameworks */,
				183DC2792437C83A0060F37F /* Resources */,
			);
			buildRules = (
			);
			dependencies = (
			);
			name = PassingDataWithClosure;
			productName = PassingDataWithClosure;
			productReference = 183DC27B2437C83A0060F37F /* PassingDataWithClosure.app */;
			productType = "com.apple.product-type.application";
		};
		183DC2902437C83B0060F37F /* PassingDataWithClosureTests */ = {
			isa = PBXNativeTarget;
			buildConfigurationList = 183DC2A82437C83B0060F37F /* Build configuration list for PBXNativeTarget "PassingDataWithClosureTests" */;
			buildPhases = (
				183DC28D2437C83B0060F37F /* Sources */,
				183DC28E2437C83B0060F37F /* Frameworks */,
				183DC28F2437C83B0060F37F /* Resources */,
			);
			buildRules = (
			);
			dependencies = (
				183DC2932437C83B0060F37F /* PBXTargetDependency */,
			);
			name = PassingDataWithClosureTests;
			productName = PassingDataWithClosureTests;
			productReference = 183DC2912437C83B0060F37F /* PassingDataWithClosureTests.xctest */;
			productType = "com.apple.product-type.bundle.unit-test";
		};
		183DC29B2437C83B0060F37F /* PassingDataWithClosureUITests */ = {
			isa = PBXNativeTarget;
			buildConfigurationList = 183DC2AB2437C83B0060F37F /* Build configuration list for PBXNativeTarget "PassingDataWithClosureUITests" */;
			buildPhases = (
				183DC2982437C83B0060F37F /* Sources */,
				183DC2992437C83B0060F37F /* Frameworks */,
				183DC29A2437C83B0060F37F /* Resources */,
			);
			buildRules = (
			);
			dependencies = (
				183DC29E2437C83B0060F37F /* PBXTargetDependency */,
			);
			name = PassingDataWithClosureUITests;
			productName = PassingDataWithClosureUITests;
			productReference = 183DC29C2437C83B0060F37F /* PassingDataWithClosureUITests.xctest */;
			productType = "com.apple.product-type.bundle.ui-testing";
		};
/* End PBXNativeTarget section */

/* Begin PBXProject section */
		183DC2732437C83A0060F37F /* Project object */ = {
			isa = PBXProject;
			attributes = {
				LastSwiftUpdateCheck = 1130;
				LastUpgradeCheck = 1130;
				ORGANIZATIONNAME = apple;
				TargetAttributes = {
					183DC27A2437C83A0060F37F = {
						CreatedOnToolsVersion = 11.3.1;
					};
					183DC2902437C83B0060F37F = {
						CreatedOnToolsVersion = 11.3.1;
						TestTargetID = 183DC27A2437C83A0060F37F;
					};
					183DC29B2437C83B0060F37F = {
						CreatedOnToolsVersion = 11.3.1;
						TestTargetID = 183DC27A2437C83A0060F37F;
					};
				};
			};
			buildConfigurationList = 183DC2762437C83A0060F37F /* Build configuration list for PBXProject "PassingDataWithClosure" */;
			compatibilityVersion = "Xcode 9.3";
			developmentRegion = en;
			hasScannedForEncodings = 0;
			knownRegions = (
				en,
				Base,
			);
			mainGroup = 183DC2722437C83A0060F37F;
			productRefGroup = 183DC27C2437C83A0060F37F /* Products */;
			projectDirPath = "";
			projectRoot = "";
			targets = (
				183DC27A2437C83A0060F37F /* PassingDataWithClosure */,
				183DC2902437C83B0060F37F /* PassingDataWithClosureTests */,
				183DC29B2437C83B0060F37F /* PassingDataWithClosureUITests */,
			);
		};
/* End PBXProject section */

/* Begin PBXResourcesBuildPhase section */
		183DC2792437C83A0060F37F /* Resources */ = {
			isa = PBXResourcesBuildPhase;
			buildActionMask = 2147483647;
			files = (
				183DC28B2437C83B0060F37F /* LaunchScreen.storyboard in Resources */,
				183DC2882437C83B0060F37F /* Assets.xcassets in Resources */,
				183DC2862437C83A0060F37F /* Main.storyboard in Resources */,
			);
			runOnlyForDeploymentPostprocessing = 0;
		};
		183DC28F2437C83B0060F37F /* Resources */ = {
			isa = PBXResourcesBuildPhase;
			buildActionMask = 2147483647;
			files = (
			);
			runOnlyForDeploymentPostprocessing = 0;
		};
		183DC29A2437C83B0060F37F /* Resources */ = {
			isa = PBXResourcesBuildPhase;
			buildActionMask = 2147483647;
			files = (
			);
			runOnlyForDeploymentPostprocessing = 0;
		};
/* End PBXResourcesBuildPhase section */

/* Begin PBXSourcesBuildPhase section */
		183DC2772437C83A0060F37F /* Sources */ = {
			isa = PBXSourcesBuildPhase;
			buildActionMask = 2147483647;
			files = (
				183DC2B12437C85C0060F37F /* ViewControllerA.swift in Sources */,
				183DC2832437C83A0060F37F /* ViewController.swift in Sources */,
				183DC2B32437C8660060F37F /* ViewControllerB.swift in Sources */,
				183DC27F2437C83A0060F37F /* AppDelegate.swift in Sources */,
				183DC2812437C83A0060F37F /* SceneDelegate.swift in Sources */,
			);
			runOnlyForDeploymentPostprocessing = 0;
		};
		183DC28D2437C83B0060F37F /* Sources */ = {
			isa = PBXSourcesBuildPhase;
			buildActionMask = 2147483647;
			files = (
				183DC2962437C83B0060F37F /* PassingDataWithClosureTests.swift in Sources */,
			);
			runOnlyForDeploymentPostprocessing = 0;
		};
		183DC2982437C83B0060F37F /* Sources */ = {
			isa = PBXSourcesBuildPhase;
			buildActionMask = 2147483647;
			files = (
				183DC2A12437C83B0060F37F /* PassingDataWithClosureUITests.swift in Sources */,
			);
			runOnlyForDeploymentPostprocessing = 0;
		};
/* End PBXSourcesBuildPhase section */

/* Begin PBXTargetDependency section */
		183DC2932437C83B0060F37F /* PBXTargetDependency */ = {
			isa = PBXTargetDependency;
			target = 183DC27A2437C83A0060F37F /* PassingDataWithClosure */;
			targetProxy = 183DC2922437C83B0060F37F /* PBXContainerItemProxy */;
		};
		183DC29E2437C83B0060F37F /* PBXTargetDependency */ = {
			isa = PBXTargetDependency;
			target = 183DC27A2437C83A0060F37F /* PassingDataWithClosure */;
			targetProxy = 183DC29D2437C83B0060F37F /* PBXContainerItemProxy */;
		};
/* End PBXTargetDependency section */

/* Begin PBXVariantGroup section */
		183DC2842437C83A0060F37F /* Main.storyboard */ = {
			isa = PBXVariantGroup;
			children = (
				183DC2852437C83A0060F37F /* Base */,
			);
			name = Main.storyboard;
			sourceTree = "<group>";
		};
		183DC2892437C83B0060F37F /* LaunchScreen.storyboard */ = {
			isa = PBXVariantGroup;
			children = (
				183DC28A2437C83B0060F37F /* Base */,
			);
			name = LaunchScreen.storyboard;
			sourceTree = "<group>";
		};
/* End PBXVariantGroup section */

/* Begin XCBuildConfiguration section */
		183DC2A32437C83B0060F37F /* Debug */ = {
			isa = XCBuildConfiguration;
			buildSettings = {
				ALWAYS_SEARCH_USER_PATHS = NO;
				CLANG_ANALYZER_NONNULL = YES;
				CLANG_ANALYZER_NUMBER_OBJECT_CONVERSION = YES_AGGRESSIVE;
				CLANG_CXX_LANGUAGE_STANDARD = "gnu++14";
				CLANG_CXX_LIBRARY = "libc++";
				CLANG_ENABLE_MODULES = YES;
				CLANG_ENABLE_OBJC_ARC = YES;
				CLANG_ENABLE_OBJC_WEAK = YES;
				CLANG_WARN_BLOCK_CAPTURE_AUTORELEASING = YES;
				CLANG_WARN_BOOL_CONVERSION = YES;
				CLANG_WARN_COMMA = YES;
				CLANG_WARN_CONSTANT_CONVERSION = YES;
				CLANG_WARN_DEPRECATED_OBJC_IMPLEMENTATIONS = YES;
				CLANG_WARN_DIRECT_OBJC_ISA_USAGE = YES_ERROR;
				CLANG_WARN_DOCUMENTATION_COMMENTS = YES;
				CLANG_WARN_EMPTY_BODY = YES;
				CLANG_WARN_ENUM_CONVERSION = YES;
				CLANG_WARN_INFINITE_RECURSION = YES;
				CLANG_WARN_INT_CONVERSION = YES;
				CLANG_WARN_NON_LITERAL_NULL_CONVERSION = YES;
				CLANG_WARN_OBJC_IMPLICIT_RETAIN_SELF = YES;
				CLANG_WARN_OBJC_LITERAL_CONVERSION = YES;
				CLANG_WARN_OBJC_ROOT_CLASS = YES_ERROR;
				CLANG_WARN_RANGE_LOOP_ANALYSIS = YES;
				CLANG_WARN_STRICT_PROTOTYPES = YES;
				CLANG_WARN_SUSPICIOUS_MOVE = YES;
				CLANG_WARN_UNGUARDED_AVAILABILITY = YES_AGGRESSIVE;
				CLANG_WARN_UNREACHABLE_CODE = YES;
				CLANG_WARN__DUPLICATE_METHOD_MATCH = YES;
				COPY_PHASE_STRIP = NO;
				DEBUG_INFORMATION_FORMAT = dwarf;
				ENABLE_STRICT_OBJC_MSGSEND = YES;
				ENABLE_TESTABILITY = YES;
				GCC_C_LANGUAGE_STANDARD = gnu11;
				GCC_DYNAMIC_NO_PIC = NO;
				GCC_NO_COMMON_BLOCKS = YES;
				GCC_OPTIMIZATION_LEVEL = 0;
				GCC_PREPROCESSOR_DEFINITIONS = (
					"DEBUG=1",
					"$(inherited)",
				);
				GCC_WARN_64_TO_32_BIT_CONVERSION = YES;
				GCC_WARN_ABOUT_RETURN_TYPE = YES_ERROR;
				GCC_WARN_UNDECLARED_SELECTOR = YES;
				GCC_WARN_UNINITIALIZED_AUTOS = YES_AGGRESSIVE;
				GCC_WARN_UNUSED_FUNCTION = YES;
				GCC_WARN_UNUSED_VARIABLE = YES;
				IPHONEOS_DEPLOYMENT_TARGET = 13.2;
				MTL_ENABLE_DEBUG_INFO = INCLUDE_SOURCE;
				MTL_FAST_MATH = YES;
				ONLY_ACTIVE_ARCH = YES;
				SDKROOT = iphoneos;
				SWIFT_ACTIVE_COMPILATION_CONDITIONS = DEBUG;
				SWIFT_OPTIMIZATION_LEVEL = "-Onone";
			};
			name = Debug;
		};
		183DC2A42437C83B0060F37F /* Release */ = {
			isa = XCBuildConfiguration;
			buildSettings = {
				ALWAYS_SEARCH_USER_PATHS = NO;
				CLANG_ANALYZER_NONNULL = YES;
				CLANG_ANALYZER_NUMBER_OBJECT_CONVERSION = YES_AGGRESSIVE;
				CLANG_CXX_LANGUAGE_STANDARD = "gnu++14";
				CLANG_CXX_LIBRARY = "libc++";
				CLANG_ENABLE_MODULES = YES;
				CLANG_ENABLE_OBJC_ARC = YES;
				CLANG_ENABLE_OBJC_WEAK = YES;
				CLANG_WARN_BLOCK_CAPTURE_AUTORELEASING = YES;
				CLANG_WARN_BOOL_CONVERSION = YES;
				CLANG_WARN_COMMA = YES;
				CLANG_WARN_CONSTANT_CONVERSION = YES;
				CLANG_WARN_DEPRECATED_OBJC_IMPLEMENTATIONS = YES;
				CLANG_WARN_DIRECT_OBJC_ISA_USAGE = YES_ERROR;
				CLANG_WARN_DOCUMENTATION_COMMENTS = YES;
				CLANG_WARN_EMPTY_BODY = YES;
				CLANG_WARN_ENUM_CONVERSION = YES;
				CLANG_WARN_INFINITE_RECURSION = YES;
				CLANG_WARN_INT_CONVERSION = YES;
				CLANG_WARN_NON_LITERAL_NULL_CONVERSION = YES;
				CLANG_WARN_OBJC_IMPLICIT_RETAIN_SELF = YES;
				CLANG_WARN_OBJC_LITERAL_CONVERSION = YES;
				CLANG_WARN_OBJC_ROOT_CLASS = YES_ERROR;
				CLANG_WARN_RANGE_LOOP_ANALYSIS = YES;
				CLANG_WARN_STRICT_PROTOTYPES = YES;
				CLANG_WARN_SUSPICIOUS_MOVE = YES;
				CLANG_WARN_UNGUARDED_AVAILABILITY = YES_AGGRESSIVE;
				CLANG_WARN_UNREACHABLE_CODE = YES;
				CLANG_WARN__DUPLICATE_METHOD_MATCH = YES;
				COPY_PHASE_STRIP = NO;
				DEBUG_INFORMATION_FORMAT = "dwarf-with-dsym";
				ENABLE_NS_ASSERTIONS = NO;
				ENABLE_STRICT_OBJC_MSGSEND = YES;
				GCC_C_LANGUAGE_STANDARD = gnu11;
				GCC_NO_COMMON_BLOCKS = YES;
				GCC_WARN_64_TO_32_BIT_CONVERSION = YES;
				GCC_WARN_ABOUT_RETURN_TYPE = YES_ERROR;
				GCC_WARN_UNDECLARED_SELECTOR = YES;
				GCC_WARN_UNINITIALIZED_AUTOS = YES_AGGRESSIVE;
				GCC_WARN_UNUSED_FUNCTION = YES;
				GCC_WARN_UNUSED_VARIABLE = YES;
				IPHONEOS_DEPLOYMENT_TARGET = 13.2;
				MTL_ENABLE_DEBUG_INFO = NO;
				MTL_FAST_MATH = YES;
				SDKROOT = iphoneos;
				SWIFT_COMPILATION_MODE = wholemodule;
				SWIFT_OPTIMIZATION_LEVEL = "-O";
				VALIDATE_PRODUCT = YES;
			};
			name = Release;
		};
		183DC2A62437C83B0060F37F /* Debug */ = {
			isa = XCBuildConfiguration;
			buildSettings = {
				ASSETCATALOG_COMPILER_APPICON_NAME = AppIcon;
				CODE_SIGN_STYLE = Automatic;
				INFOPLIST_FILE = PassingDataWithClosure/Info.plist;
				LD_RUNPATH_SEARCH_PATHS = (
					"$(inherited)",
					"@executable_path/Frameworks",
				);
				PRODUCT_BUNDLE_IDENTIFIER = minal.com.PassingDataWithClosure;
				PRODUCT_NAME = "$(TARGET_NAME)";
				SWIFT_VERSION = 5.0;
				TARGETED_DEVICE_FAMILY = "1,2";
			};
			name = Debug;
		};
		183DC2A72437C83B0060F37F /* Release */ = {
			isa = XCBuildConfiguration;
			buildSettings = {
				ASSETCATALOG_COMPILER_APPICON_NAME = AppIcon;
				CODE_SIGN_STYLE = Automatic;
				INFOPLIST_FILE = PassingDataWithClosure/Info.plist;
				LD_RUNPATH_SEARCH_PATHS = (
					"$(inherited)",
					"@executable_path/Frameworks",
				);
				PRODUCT_BUNDLE_IDENTIFIER = minal.com.PassingDataWithClosure;
				PRODUCT_NAME = "$(TARGET_NAME)";
				SWIFT_VERSION = 5.0;
				TARGETED_DEVICE_FAMILY = "1,2";
			};
			name = Release;
		};
		183DC2A92437C83B0060F37F /* Debug */ = {
			isa = XCBuildConfiguration;
			buildSettings = {
				ALWAYS_EMBED_SWIFT_STANDARD_LIBRARIES = YES;
				BUNDLE_LOADER = "$(TEST_HOST)";
				CODE_SIGN_STYLE = Automatic;
				INFOPLIST_FILE = PassingDataWithClosureTests/Info.plist;
				IPHONEOS_DEPLOYMENT_TARGET = 13.2;
				LD_RUNPATH_SEARCH_PATHS = (
					"$(inherited)",
					"@executable_path/Frameworks",
					"@loader_path/Frameworks",
				);
				PRODUCT_BUNDLE_IDENTIFIER = minal.com.PassingDataWithClosureTests;
				PRODUCT_NAME = "$(TARGET_NAME)";
				SWIFT_VERSION = 5.0;
				TARGETED_DEVICE_FAMILY = "1,2";
				TEST_HOST = "$(BUILT_PRODUCTS_DIR)/PassingDataWithClosure.app/PassingDataWithClosure";
			};
			name = Debug;
		};
		183DC2AA2437C83B0060F37F /* Release */ = {
			isa = XCBuildConfiguration;
			buildSettings = {
				ALWAYS_EMBED_SWIFT_STANDARD_LIBRARIES = YES;
				BUNDLE_LOADER = "$(TEST_HOST)";
				CODE_SIGN_STYLE = Automatic;
				INFOPLIST_FILE = PassingDataWithClosureTests/Info.plist;
				IPHONEOS_DEPLOYMENT_TARGET = 13.2;
				LD_RUNPATH_SEARCH_PATHS = (
					"$(inherited)",
					"@executable_path/Frameworks",
					"@loader_path/Frameworks",
				);
				PRODUCT_BUNDLE_IDENTIFIER = minal.com.PassingDataWithClosureTests;
				PRODUCT_NAME = "$(TARGET_NAME)";
				SWIFT_VERSION = 5.0;
				TARGETED_DEVICE_FAMILY = "1,2";
				TEST_HOST = "$(BUILT_PRODUCTS_DIR)/PassingDataWithClosure.app/PassingDataWithClosure";
			};
			name = Release;
		};
		183DC2AC2437C83B0060F37F /* Debug */ = {
			isa = XCBuildConfiguration;
			buildSettings = {
				ALWAYS_EMBED_SWIFT_STANDARD_LIBRARIES = YES;
				CODE_SIGN_STYLE = Automatic;
				INFOPLIST_FILE = PassingDataWithClosureUITests/Info.plist;
				LD_RUNPATH_SEARCH_PATHS = (
					"$(inherited)",
					"@executable_path/Frameworks",
					"@loader_path/Frameworks",
				);
				PRODUCT_BUNDLE_IDENTIFIER = minal.com.PassingDataWithClosureUITests;
				PRODUCT_NAME = "$(TARGET_NAME)";
				SWIFT_VERSION = 5.0;
				TARGETED_DEVICE_FAMILY = "1,2";
				TEST_TARGET_NAME = PassingDataWithClosure;
			};
			name = Debug;
		};
		183DC2AD2437C83B0060F37F /* Release */ = {
			isa = XCBuildConfiguration;
			buildSettings = {
				ALWAYS_EMBED_SWIFT_STANDARD_LIBRARIES = YES;
				CODE_SIGN_STYLE = Automatic;
				INFOPLIST_FILE = PassingDataWithClosureUITests/Info.plist;
				LD_RUNPATH_SEARCH_PATHS = (
					"$(inherited)",
					"@executable_path/Frameworks",
					"@loader_path/Frameworks",
				);
				PRODUCT_BUNDLE_IDENTIFIER = minal.com.PassingDataWithClosureUITests;
				PRODUCT_NAME = "$(TARGET_NAME)";
				SWIFT_VERSION = 5.0;
				TARGETED_DEVICE_FAMILY = "1,2";
				TEST_TARGET_NAME = PassingDataWithClosure;
			};
			name = Release;
		};
/* End XCBuildConfiguration section */

/* Begin XCConfigurationList section */
		183DC2762437C83A0060F37F /* Build configuration list for PBXProject "PassingDataWithClosure" */ = {
			isa = XCConfigurationList;
			buildConfigurations = (
				183DC2A32437C83B0060F37F /* Debug */,
				183DC2A42437C83B0060F37F /* Release */,
			);
			defaultConfigurationIsVisible = 0;
			defaultConfigurationName = Release;
		};
		183DC2A52437C83B0060F37F /* Build configuration list for PBXNativeTarget "PassingDataWithClosure" */ = {
			isa = XCConfigurationList;
			buildConfigurations = (
				183DC2A62437C83B0060F37F /* Debug */,
				183DC2A72437C83B0060F37F /* Release */,
			);
			defaultConfigurationIsVisible = 0;
			defaultConfigurationName = Release;
		};
		183DC2A82437C83B0060F37F /* Build configuration list for PBXNativeTarget "PassingDataWithClosureTests" */ = {
			isa = XCConfigurationList;
			buildConfigurations = (
				183DC2A92437C83B0060F37F /* Debug */,
				183DC2AA2437C83B0060F37F /* Release */,
			);
			defaultConfigurationIsVisible = 0;
			defaultConfigurationName = Release;
		};
		183DC2AB2437C83B0060F37F /* Build configuration list for PBXNativeTarget "PassingDataWithClosureUITests" */ = {
			isa = XCConfigurationList;
			buildConfigurations = (
				183DC2AC2437C83B0060F37F /* Debug */,
				183DC2AD2437C83B0060F37F /* Release */,
			);
			defaultConfigurationIsVisible = 0;
			defaultConfigurationName = Release;
		};
/* End XCConfigurationList section */
	};
	rootObject = 183DC2732437C83A0060F37F /* Project object */;
}
